
Microsoft Visual Studio Solution File, Format Version 12.00
# Visual Studio Version 17
VisualStudioVersion = 17.13.35931.197 d17.13
MinimumVisualStudioVersion = 10.0.40219.1
Project("{FAE04EC0-301F-11D3-BF4B-00C04F79EFBC}") = "Slime", "Slime\Slime.csproj", "{BBE43A68-7D8A-4A31-A128-428D84936C0C}"
EndProject
Global
	GlobalSection(SolutionConfigurationPlatforms) = preSolution
		Debug|Any CPU = Debug|Any CPU
		Release|Any CPU = Release|Any CPU
	EndGlobalSection
	GlobalSection(ProjectConfigurationPlatforms) = postSolution
		{BBE43A68-7D8A-4A31-A128-428D84936C0C}.Debug|Any CPU.ActiveCfg = Debug|Any CPU
		{BBE43A68-7D8A-4A31-A128-428D84936C0C}.Debug|Any CPU.Build.0 = Debug|Any CPU
		{BBE43A68-7D8A-4A31-A128-428D84936C0C}.Release|Any CPU.ActiveCfg = Release|Any CPU
		{BBE43A68-7D8A-4A31-A128-428D84936C0C}.Release|Any CPU.Build.0 = Release|Any CPU
	EndGlobalSection
	GlobalSection(SolutionProperties) = preSolution
		HideSolutionNode = FALSE
	EndGlobalSection
	GlobalSection(ExtensibilityGlobals) = postSolution
		SolutionGuid = {4431D16E-A600-4E3B-8622-12D783073A45}
	EndGlobalSection
EndGlobal
